
Microsoft Visual Studio Solution File, Format Version 12.00
# Visual Studio Version 16
VisualStudioVersion = 16.0.30804.86
MinimumVisualStudioVersion = 10.0.40219.1
Project("{9A19103F-16F7-4668-BE54-9A1E7A4F7556}") = "VogCodeChallenge.API", "VogCodeChallenge.API\VogCodeChallenge.API.csproj", "{0BE0DCC1-92A1-4D44-864F-B64A86256BDE}"
EndProject
Project("{9A19103F-16F7-4668-BE54-9A1E7A4F7556}") = "VogCodeChallenge.Domain", "VogCodeChallenge.Domain\VogCodeChallenge.Domain.csproj", "{43297976-5092-4A50-A442-8370105CECBC}"
EndProject
Project("{2150E333-8FDC-42A3-9474-1A3956D46DE8}") = "Solution Items", "Solution Items", "{9B227464-3786-4D72-A60A-E4D242A1F2E1}"
	ProjectSection(SolutionItems) = preProject
		compose.ps1 = compose.ps1
		docker-compose.yaml = docker-compose.yaml
	EndProjectSection
EndProject
Global
	GlobalSection(SolutionConfigurationPlatforms) = preSolution
		Debug|Any CPU = Debug|Any CPU
		Release|Any CPU = Release|Any CPU
	EndGlobalSection
	GlobalSection(ProjectConfigurationPlatforms) = postSolution
		{0BE0DCC1-92A1-4D44-864F-B64A86256BDE}.Debug|Any CPU.ActiveCfg = Debug|Any CPU
		{0BE0DCC1-92A1-4D44-864F-B64A86256BDE}.Debug|Any CPU.Build.0 = Debug|Any CPU
		{0BE0DCC1-92A1-4D44-864F-B64A86256BDE}.Release|Any CPU.ActiveCfg = Release|Any CPU
		{0BE0DCC1-92A1-4D44-864F-B64A86256BDE}.Release|Any CPU.Build.0 = Release|Any CPU
		{43297976-5092-4A50-A442-8370105CECBC}.Debug|Any CPU.ActiveCfg = Debug|Any CPU
		{43297976-5092-4A50-A442-8370105CECBC}.Debug|Any CPU.Build.0 = Debug|Any CPU
		{43297976-5092-4A50-A442-8370105CECBC}.Release|Any CPU.ActiveCfg = Release|Any CPU
		{43297976-5092-4A50-A442-8370105CECBC}.Release|Any CPU.Build.0 = Release|Any CPU
	EndGlobalSection
	GlobalSection(SolutionProperties) = preSolution
		HideSolutionNode = FALSE
	EndGlobalSection
	GlobalSection(ExtensibilityGlobals) = postSolution
		SolutionGuid = {E600A811-D996-4194-BC8A-F28DEC27DF0A}
	EndGlobalSection
EndGlobal
